{
    "_readme": [
        "This file locks the dependencies of your project to a known state",
        "Read more about it at https://getcomposer.org/doc/01-basic-usage.md#installing-dependencies",
        "This file is @generated automatically"
    ],
    "content-hash": "e2a679ebab95cc6c3381423c7811fed1",
    "packages": [
        {
            "name": "opcodesio/mail-parser",
            "version": "v0.2.3",
            "source": {
                "type": "git",
                "url": "https://github.com/opcodesio/mail-parser.git",
                "reference": "6f9544a1e526d5849cf8d96600556b2951893aec"
            },
            "dist": {
                "type": "zip",
                "url": "https://api.github.com/repos/opcodesio/mail-parser/zipball/6f9544a1e526d5849cf8d96600556b2951893aec",
                "reference": "6f9544a1e526d5849cf8d96600556b2951893aec",
                "shasum": ""
            },
            "require": {
                "php": "^8.0"
            },
            "require-dev": {
                "pestphp/pest": "^2.16",
                "symfony/var-dumper": "^6.3"
            },
            "type": "library",
            "autoload": {
                "psr-4": {
                    "Opcodes\\MailParser\\": "src/"
                }
            },
            "notification-url": "https://packagist.org/downloads/",
            "license": [
                "MIT"
            ],
            "authors": [
                {
                    "name": "Arunas Skirius",
                    "email": "arukomp@gmail.com",
                    "role": "Developer"
                }
            ],
            "description": "Parse emails without the mailparse extension",
            "keywords": [
                "arukompas",
                "email",
                "email parser",
                "mail",
                "opcodesio",
                "php"
            ],
            "support": {
                "issues": "https://github.com/opcodesio/mail-parser/issues",
                "source": "https://github.com/opcodesio/mail-parser/tree/v0.2.3"
            },
            "time": "2026-02-28T09:04:57+00:00"
        }
    ],
    "packages-dev": [],
    "aliases": [],
    "minimum-stability": "stable",
    "stability-flags": [],
    "prefer-stable": false,
    "prefer-lowest": false,
    "platform": {
        "php": "^7.4|^8.0"
    },
    "platform-dev": [],
    "plugin-api-version": "2.6.0"
}
